<?xml version="1.0" encoding="utf-8"?>
<Project ToolsVersion="4.0" xmlns="http://schemas.microsoft.com/developer/msbuild/2003">
  <ItemGroup>
    <Filter Include="Source Files">
      <UniqueIdentifier>{4FC737F1-C7A5-4376-A066-2A32D752A2FF}</UniqueIdentifier>
      <Extensions>cpp;c;cc;cxx;c++;cppm;ixx;def;odl;idl;hpj;bat;asm;asmx</Extensions>
    </Filter>
    <Filter Include="Header Files">
      <UniqueIdentifier>{93995380-89BD-4b04-88EB-625FBE52EBFB}</UniqueIdentifier>
      <Extensions>h;hh;hpp;hxx;h++;hm;inl;inc;ipp;xsd</Extensions>
    </Filter>
    <Filter Include="Resource Files">
      <UniqueIdentifier>{67DA6AB6-F800-4c08-8B7A-83BB121AAD01}</UniqueIdentifier>
      <Extensions>rc;ico;cur;bmp;dlg;rc2;rct;bin;rgs;gif;jpg;jpeg;jpe;resx;tiff;tif;png;wav;mfcribbon-ms</Extensions>
    </Filter>
  </ItemGroup>
  <ItemGroup>
    <ClInclude Include="src\core\math.hpp">
      <Filter>Header Files</Filter>
    </ClInclude>
    <ClInclude Include="src\accelerationstructures\bruteforce.hpp">
      <Filter>Header Files</Filter>
    </ClInclude>
    <ClInclude Include="src\accelerationstructures\bvh.hpp">
      <Filter>Header Files</Filter>
    </ClInclude>
    <ClInclude Include="src\lib\json.hpp">
      <Filter>Header Files</Filter>
    </ClInclude>
    <ClInclude Include="src\core\integrator.hpp">
      <Filter>Header Files</Filter>
    </ClInclude>
    <ClInclude Include="src\core\measurement.hpp">
      <Filter>Header Files</Filter>
    </ClInclude>
    <ClInclude Include="src\core\scene.hpp">
      <Filter>Header Files</Filter>
    </ClInclude>
    <ClInclude Include="src\core\allocator.hpp">
      <Filter>Header Files</Filter>
    </ClInclude>
    <ClInclude Include="src\core\surface_point.hpp">
      <Filter>Header Files</Filter>
    </ClInclude>
    <ClInclude Include="src\integrators\forward_bsdf_integrator.hpp">
      <Filter>Header Files</Filter>
    </ClInclude>
    <ClInclude Include="src\core\light.hpp">
      <Filter>Header Files</Filter>
    </ClInclude>
    <ClInclude Include="src\core\material.hpp">
      <Filter>Header Files</Filter>
    </ClInclude>
    <ClInclude Include="src\core\bsdf.hpp">
      <Filter>Header Files</Filter>
    </ClInclude>
    <ClInclude Include="src\integrators\forward_mis_integrator.hpp">
      <Filter>Header Files</Filter>
    </ClInclude>
    <ClInclude Include="src\core\light_distribution.hpp">
      <Filter>Header Files</Filter>
    </ClInclude>
    <ClInclude Include="src\renderer\renderer.hpp">
      <Filter>Header Files</Filter>
    </ClInclude>
    <ClInclude Include="src\renderer\render_target.hpp">
      <Filter>Header Files</Filter>
    </ClInclude>
    <ClInclude Include="src\renderer\camera.hpp">
      <Filter>Header Files</Filter>
    </ClInclude>
    <ClInclude Include="src\lib\pcg_extras.hpp">
      <Filter>Header Files</Filter>
    </ClInclude>
    <ClInclude Include="src\lib\pcg_random.hpp">
      <Filter>Header Files</Filter>
    </ClInclude>
    <ClInclude Include="src\lib\pcg_uint128.hpp">
      <Filter>Header Files</Filter>
    </ClInclude>
    <ClInclude Include="src\samplers\random_sampler.hpp">
      <Filter>Header Files</Filter>
    </ClInclude>
    <ClInclude Include="src\renderer\cameras\perspective_camera.hpp">
      <Filter>Header Files</Filter>
    </ClInclude>
    <ClInclude Include="src\core\transform.hpp">
      <Filter>Header Files</Filter>
    </ClInclude>
    <ClInclude Include="src\core\sampling.hpp">
      <Filter>Header Files</Filter>
    </ClInclude>
    <ClInclude Include="src\allocators\fixed_size_allocator.hpp">
      <Filter>Header Files</Filter>
    </ClInclude>
    <ClInclude Include="src\allocators\paged_allocator.hpp">
      <Filter>Header Files</Filter>
    </ClInclude>
    <ClInclude Include="src\core\frame.hpp">
      <Filter>Header Files</Filter>
    </ClInclude>
    <ClInclude Include="src\bsdfs\shading_normal_bsdf.hpp">
      <Filter>Header Files</Filter>
    </ClInclude>
    <ClInclude Include="src\bsdfs\lambertian_reflection_bsdf.hpp">
      <Filter>Header Files</Filter>
    </ClInclude>
    <ClInclude Include="src\core\surface.hpp">
      <Filter>Header Files</Filter>
    </ClInclude>
    <ClInclude Include="src\surfaces\sphere_surface.hpp">
      <Filter>Header Files</Filter>
    </ClInclude>
    <ClInclude Include="src\core\acceleration_structure.hpp">
      <Filter>Header Files</Filter>
    </ClInclude>
    <ClInclude Include="src\acceleration_structures\brute_force_acceleration_structure.hpp">
      <Filter>Header Files</Filter>
    </ClInclude>
    <ClInclude Include="src\light_distributions\uniform_light_distribution.hpp">
      <Filter>Header Files</Filter>
    </ClInclude>
    <ClInclude Include="src\materials\diffuse_material.hpp">
      <Filter>Header Files</Filter>
    </ClInclude>
    <ClInclude Include="src\core\texture.hpp">
      <Filter>Header Files</Filter>
    </ClInclude>
    <ClInclude Include="src\core\image.hpp">
      <Filter>Header Files</Filter>
    </ClInclude>
    <ClInclude Include="src\textures\image_texture.hpp">
      <Filter>Header Files</Filter>
    </ClInclude>
    <ClInclude Include="src\textures\const_texture.hpp">
      <Filter>Header Files</Filter>
    </ClInclude>
    <ClInclude Include="src\surfaces\plane_surface.hpp">
      <Filter>Header Files</Filter>
    </ClInclude>
    <ClInclude Include="src\lights\const_diffuse_area_light.hpp">
      <Filter>Header Files</Filter>
    </ClInclude>
    <ClInclude Include="src\core\distribution.hpp">
      <Filter>Header Files</Filter>
    </ClInclude>
    <ClInclude Include="src\lights\texture_infinity_area_light.hpp">
      <Filter>Header Files</Filter>
    </ClInclude>
    <ClInclude Include="src\core\color.hpp">
      <Filter>Header Files</Filter>
    </ClInclude>
    <ClInclude Include="src\lights\const_infinity_area_light.hpp">
      <Filter>Header Files</Filter>
    </ClInclude>
    <ClInclude Include="src\images\raw_image.hpp">
      <Filter>Header Files</Filter>
    </ClInclude>
    <ClInclude Include="src\images\srgb8_image.hpp">
      <Filter>Header Files</Filter>
    </ClInclude>
    <ClInclude Include="src\images\rgb8_image.hpp">
      <Filter>Header Files</Filter>
    </ClInclude>
    <ClInclude Include="src\core\assets.hpp">
      <Filter>Header Files</Filter>
    </ClInclude>
    <ClInclude Include="src\images\rgb32_image.hpp">
      <Filter>Header Files</Filter>
    </ClInclude>
    <ClInclude Include="src\bsdfs\smooth_mirror_bsdf.hpp">
      <Filter>Header Files</Filter>
    </ClInclude>
    <ClInclude Include="src\materials\mirror_material.hpp">
      <Filter>Header Files</Filter>
    </ClInclude>
    <ClInclude Include="src\samplers\stratified_sampler.hpp">
      <Filter>Header Files</Filter>
    </ClInclude>
    <ClInclude Include="src\integrators\backward_integrator.hpp">
      <Filter>Header Files</Filter>
    </ClInclude>
    <ClInclude Include="src\core\mesh.hpp">
      <Filter>Header Files</Filter>
    </ClInclude>
    <ClInclude Include="src\surfaces\mesh_surface.hpp">
      <Filter>Header Files</Filter>
    </ClInclude>
    <ClInclude Include="src\acceleration_structures\bvh_acceleration_structure.hpp">
      <Filter>Header Files</Filter>
    </ClInclude>
    <ClInclude Include="src\bsdfs\frame_bsdf.hpp">
      <Filter>Header Files</Filter>
    </ClInclude>
    <ClInclude Include="src\bsdfs\rough_mirror_bsdf.hpp">
      <Filter>Header Files</Filter>
    </ClInclude>
    <ClInclude Include="src\integrators\bidirectional_integrator.hpp">
      <Filter>Header Files</Filter>
    </ClInclude>
    <ClInclude Include="src\bsdfs\smooth_glass_bsdf.hpp">
      <Filter>Header Files</Filter>
    </ClInclude>
    <ClInclude Include="src\bsdfs\common.hpp">
      <Filter>Header Files</Filter>
    </ClInclude>
    <ClInclude Include="src\bsdfs\specular_transmission.hpp">
      <Filter>Header Files</Filter>
    </ClInclude>
    <ClInclude Include="src\materials\glass_material.hpp">
      <Filter>Header Files</Filter>
    </ClInclude>
    <ClInclude Include="src\textures\checker_texture.hpp">
      <Filter>Header Files</Filter>
    </ClInclude>
    <ClInclude Include="src\bsdfs\smooth_conductor_bsdf.hpp">
      <Filter>Header Files</Filter>
    </ClInclude>
    <ClInclude Include="src\materials\conductor_material.hpp">
      <Filter>Header Files</Filter>
    </ClInclude>
    <ClInclude Include="src\bsdfs\rough_conductor_bsdf.hpp">
      <Filter>Header Files</Filter>
    </ClInclude>
    <ClInclude Include="src\bsdfs\rough_plastic_bsdf.hpp">
      <Filter>Header Files</Filter>
    </ClInclude>
    <ClInclude Include="src\materials\plastic_material.hpp">
      <Filter>Header Files</Filter>
    </ClInclude>
    <ClInclude Include="src\core\medium.hpp">
      <Filter>Header Files</Filter>
    </ClInclude>
    <ClInclude Include="src\images\r8_image.hpp">
      <Filter>Header Files</Filter>
    </ClInclude>
    <ClInclude Include="src\bsdfs\rough_glass_bsdf.hpp">
      <Filter>Header Files</Filter>
    </ClInclude>
    <ClInclude Include="src\materials\standard_material.hpp">
      <Filter>Header Files</Filter>
    </ClInclude>
    <ClInclude Include="src\bsdfs\scale_bsdf.hpp">
      <Filter>Header Files</Filter>
    </ClInclude>
    <ClInclude Include="src\bxdfx_tester.hpp">
      <Filter>Header Files</Filter>
    </ClInclude>
    <ClInclude Include="src\bsdfs\diffuse_bsdf.hpp">
      <Filter>Header Files</Filter>
    </ClInclude>
    <ClInclude Include="src\core\microfacet.hpp">
      <Filter>Header Files</Filter>
    </ClInclude>
    <ClInclude Include="src\core\sampler.hpp">
      <Filter>Header Files</Filter>
    </ClInclude>
    <ClInclude Include="src\lib\xxhash.h">
      <Filter>Header Files</Filter>
    </ClInclude>
    <ClInclude Include="src\core\bxdf.hpp">
      <Filter>Header Files</Filter>
    </ClInclude>
  </ItemGroup>
  <ItemGroup>
    <ClCompile Include="src\main.cpp">
      <Filter>Source Files</Filter>
    </ClCompile>
    <ClCompile Include="src\core\assets.cpp">
      <Filter>Source Files</Filter>
    </ClCompile>
  </ItemGroup>
  <ItemGroup>
    <None Include=".gitattributes" />
    <None Include=".gitignore" />
  </ItemGroup>
</Project>