<?xml version="1.0" encoding="utf-8"?>
<Project ToolsVersion="4.0" xmlns="http://schemas.microsoft.com/developer/msbuild/2003">
  <ItemGroup>
    <Filter Include="Source Files">
      <UniqueIdentifier>{4FC737F1-C7A5-4376-A066-2A32D752A2FF}</UniqueIdentifier>
      <Extensions>cpp;c;cc;cxx;c++;cppm;ixx;def;odl;idl;hpj;bat;asm;asmx</Extensions>
    </Filter>
    <Filter Include="Header Files">
      <UniqueIdentifier>{93995380-89BD-4b04-88EB-625FBE52EBFB}</UniqueIdentifier>
      <Extensions>h;hh;hpp;hxx;h++;hm;inl;inc;ipp;xsd</Extensions>
    </Filter>
    <Filter Include="Resource Files">
      <UniqueIdentifier>{67DA6AB6-F800-4c08-8B7A-83BB121AAD01}</UniqueIdentifier>
      <Extensions>rc;ico;cur;bmp;dlg;rc2;rct;bin;rgs;gif;jpg;jpeg;jpe;resx;tiff;tif;png;wav;mfcribbon-ms</Extensions>
    </Filter>
  </ItemGroup>
  <ItemGroup>
    <ClInclude Include="src\core\math.hpp">
      <Filter>Header Files</Filter>
    </ClInclude>
    <ClInclude Include="src\core\bxdf.hpp">
      <Filter>Header Files</Filter>
    </ClInclude>
    <ClInclude Include="src\core\camera.hpp">
      <Filter>Header Files</Filter>
    </ClInclude>
    <ClInclude Include="src\core\surfacepoint.hpp">
      <Filter>Header Files</Filter>
    </ClInclude>
    <ClInclude Include="src\core\common.hpp">
      <Filter>Header Files</Filter>
    </ClInclude>
    <ClInclude Include="src\core\rendertarget.hpp">
      <Filter>Header Files</Filter>
    </ClInclude>
    <ClInclude Include="src\cameras\perspective.hpp">
      <Filter>Header Files</Filter>
    </ClInclude>
    <ClInclude Include="src\core\transform.hpp">
      <Filter>Header Files</Filter>
    </ClInclude>
    <ClInclude Include="src\core\integrator.hpp">
      <Filter>Header Files</Filter>
    </ClInclude>
    <ClInclude Include="src\core\scene.hpp">
      <Filter>Header Files</Filter>
    </ClInclude>
    <ClInclude Include="src\core\assets.hpp">
      <Filter>Header Files</Filter>
    </ClInclude>
    <ClInclude Include="src\core\mesh.hpp">
      <Filter>Header Files</Filter>
    </ClInclude>
    <ClInclude Include="src\core\image.hpp">
      <Filter>Header Files</Filter>
    </ClInclude>
    <ClInclude Include="src\core\accelerationstructure.hpp">
      <Filter>Header Files</Filter>
    </ClInclude>
    <ClInclude Include="src\accelerationstructures\bruteforce.hpp">
      <Filter>Header Files</Filter>
    </ClInclude>
    <ClInclude Include="src\core\light.hpp">
      <Filter>Header Files</Filter>
    </ClInclude>
    <ClInclude Include="src\core\emission.hpp">
      <Filter>Header Files</Filter>
    </ClInclude>
    <ClInclude Include="src\core\surface.hpp">
      <Filter>Header Files</Filter>
    </ClInclude>
    <ClInclude Include="src\surfaces\sphere.hpp">
      <Filter>Header Files</Filter>
    </ClInclude>
    <ClInclude Include="src\core\material.hpp">
      <Filter>Header Files</Filter>
    </ClInclude>
    <ClInclude Include="src\surfaces\mesh.hpp">
      <Filter>Header Files</Filter>
    </ClInclude>
    <ClInclude Include="src\materials\diffuse.hpp">
      <Filter>Header Files</Filter>
    </ClInclude>
    <ClInclude Include="src\lights\diffuseemission.hpp">
      <Filter>Header Files</Filter>
    </ClInclude>
    <ClInclude Include="src\core\arealight.hpp">
      <Filter>Header Files</Filter>
    </ClInclude>
    <ClInclude Include="src\integrators\forward.hpp">
      <Filter>Header Files</Filter>
    </ClInclude>
    <ClInclude Include="src\core\sampler.hpp">
      <Filter>Header Files</Filter>
    </ClInclude>
    <ClInclude Include="src\core\allocator.hpp">
      <Filter>Header Files</Filter>
    </ClInclude>
    <ClInclude Include="src\core\texture.hpp">
      <Filter>Header Files</Filter>
    </ClInclude>
    <ClInclude Include="src\textures\consttexture.hpp">
      <Filter>Header Files</Filter>
    </ClInclude>
    <ClInclude Include="src\core\frame.hpp">
      <Filter>Header Files</Filter>
    </ClInclude>
    <ClInclude Include="src\bxdfs\lambertian.hpp">
      <Filter>Header Files</Filter>
    </ClInclude>
    <ClInclude Include="src\core\sampling.hpp">
      <Filter>Header Files</Filter>
    </ClInclude>
    <ClInclude Include="src\bxdfs\frame.hpp">
      <Filter>Header Files</Filter>
    </ClInclude>
    <ClInclude Include="src\samplers\random.hpp">
      <Filter>Header Files</Filter>
    </ClInclude>
    <ClInclude Include="src\core\random.hpp">
      <Filter>Header Files</Filter>
    </ClInclude>
    <ClInclude Include="src\core\export.hpp">
      <Filter>Header Files</Filter>
    </ClInclude>
    <ClInclude Include="src\accelerationstructures\bvh.hpp">
      <Filter>Header Files</Filter>
    </ClInclude>
    <ClInclude Include="src\surfaces\plane.hpp">
      <Filter>Header Files</Filter>
    </ClInclude>
    <ClInclude Include="src\demoscenes.hpp">
      <Filter>Header Files</Filter>
    </ClInclude>
    <ClInclude Include="src\integrators\backward.hpp">
      <Filter>Header Files</Filter>
    </ClInclude>
    <ClInclude Include="src\integrators\bidir.hpp">
      <Filter>Header Files</Filter>
    </ClInclude>
    <ClInclude Include="src\lib\json.hpp">
      <Filter>Header Files</Filter>
    </ClInclude>
    <ClInclude Include="src\textures\uvtexture.hpp">
      <Filter>Header Files</Filter>
    </ClInclude>
    <ClInclude Include="src\textures\imagetexture.hpp">
      <Filter>Header Files</Filter>
    </ClInclude>
    <ClInclude Include="src\bxdfs\shadingnormal.hpp">
      <Filter>Header Files</Filter>
    </ClInclude>
    <ClInclude Include="src\bxdfs\shadingnormalclamp.hpp">
      <Filter>Header Files</Filter>
    </ClInclude>
    <ClInclude Include="src\bxdfs\roughconductor.hpp">
      <Filter>Header Files</Filter>
    </ClInclude>
    <ClInclude Include="src\materials\metal.hpp">
      <Filter>Header Files</Filter>
    </ClInclude>
    <ClInclude Include="src\bxdfs\roughplastic.hpp">
      <Filter>Header Files</Filter>
    </ClInclude>
    <ClInclude Include="src\materials\roughplastic.hpp">
      <Filter>Header Files</Filter>
    </ClInclude>
    <ClInclude Include="src\bxdfs\mix.hpp">
      <Filter>Header Files</Filter>
    </ClInclude>
    <ClInclude Include="src\materials\metalplastic.hpp">
      <Filter>Header Files</Filter>
    </ClInclude>
    <ClInclude Include="src\integrators\forwardlight.hpp">
      <Filter>Header Files</Filter>
    </ClInclude>
    <ClInclude Include="src\integrators\forwardmis.hpp">
      <Filter>Header Files</Filter>
    </ClInclude>
    <ClInclude Include="src\textures\checkertexture.hpp">
      <Filter>Header Files</Filter>
    </ClInclude>
    <ClInclude Include="src\bxdfs\normalmapbxdf.hpp">
      <Filter>Header Files</Filter>
    </ClInclude>
  </ItemGroup>
  <ItemGroup>
    <ClCompile Include="src\core\assets.cpp">
      <Filter>Source Files</Filter>
    </ClCompile>
    <ClCompile Include="src\main.cpp">
      <Filter>Source Files</Filter>
    </ClCompile>
    <ClCompile Include="src\core\export.cpp">
      <Filter>Source Files</Filter>
    </ClCompile>
  </ItemGroup>
  <ItemGroup>
    <None Include=".gitattributes" />
    <None Include=".gitignore" />
  </ItemGroup>
</Project>